
Microsoft Visual Studio Solution File, Format Version 12.00
# Visual Studio Version 16
VisualStudioVersion = 16.0.31025.194
MinimumVisualStudioVersion = 10.0.40219.1
Project("{FAE04EC0-301F-11D3-BF4B-00C04F79EFBC}") = "TASI.Backend", "TASI.Backend\TASI.Backend.csproj", "{A5933919-7A24-474A-9304-051466FC3640}"
EndProject
Global
	GlobalSection(SolutionConfigurationPlatforms) = preSolution
		Debug|Any CPU = Debug|Any CPU
		Release|Any CPU = Release|Any CPU
	EndGlobalSection
	GlobalSection(ProjectConfigurationPlatforms) = postSolution
		{A5933919-7A24-474A-9304-051466FC3640}.Debug|Any CPU.ActiveCfg = Debug|Any CPU
		{A5933919-7A24-474A-9304-051466FC3640}.Debug|Any CPU.Build.0 = Debug|Any CPU
		{A5933919-7A24-474A-9304-051466FC3640}.Release|Any CPU.ActiveCfg = Release|Any CPU
		{A5933919-7A24-474A-9304-051466FC3640}.Release|Any CPU.Build.0 = Release|Any CPU
	EndGlobalSection
	GlobalSection(SolutionProperties) = preSolution
		HideSolutionNode = FALSE
	EndGlobalSection
	GlobalSection(ExtensibilityGlobals) = postSolution
		SolutionGuid = {4B5AA14D-09F0-4802-93BE-9CB163942D5C}
	EndGlobalSection
EndGlobal
